PODS:
  - Flutter (1.0.0)
  - Giphy (2.2.12):
    - libwebp
  - jitsi_meet_flutter_sdk (12.1.3):
    - Flutter
    - JitsiMeetSDK (= 12.1.3)
  - JitsiMeetSDK (12.1.3):
    - Giphy (= 2.2.12)
    - JitsiWebRTC (~> 124.0)
  - JitsiWebRTC (124.0.2)
  - libwebp (1.5.0):
    - libwebp/demux (= 1.5.0)
    - libwebp/mux (= 1.5.0)
    - libwebp/sharpyuv (= 1.5.0)
    - libwebp/webp (= 1.5.0)
  - libwebp/demux (1.5.0):
    - libwebp/webp
  - libwebp/mux (1.5.0):
    - libwebp/demux
  - libwebp/sharpyuv (1.5.0)
  - libwebp/webp (1.5.0):
    - libwebp/sharpyuv

DEPENDENCIES:
  - Flutter (from `Flutter`)
  - jitsi_meet_flutter_sdk (from `.symlinks/plugins/jitsi_meet_flutter_sdk/ios`)

SPEC REPOS:
  trunk:
    - Giphy
    - JitsiMeetSDK
    - JitsiWebRTC
    - libwebp

EXTERNAL SOURCES:
  Flutter:
    :path: Flutter
  jitsi_meet_flutter_sdk:
    :path: ".symlinks/plugins/jitsi_meet_flutter_sdk/ios"

SPEC CHECKSUMS:
  Flutter: cabc95a1d2626b1b06e7179b784ebcf0c0cde467
  Giphy: 83628960ed04e1c3428ff1b4fb2b027f65e82f50
  jitsi_meet_flutter_sdk: fa0ae0f7db153ef7fa0eff12a8accd1e67aa7e38
  JitsiMeetSDK: dd06e4b0471b0b0d002c279ede9da2255bc60b37
  JitsiWebRTC: b47805ab5668be38e7ee60e2258f49badfe8e1d0
  libwebp: 02b23773aedb6ff1fd38cec7a77b81414c6842a8

PODFILE CHECKSUM: ef408bf62401d49418af75b9276d53e23e5fadf7

COCOAPODS: 1.16.2
